// !$*UTF8*$!
{
	archiveVersion = 1;
	classes = {
	};
	objectVersion = 56;
	objects = {

/* Begin PBXBuildFile section */
		52A0A970285CE2EE00C1D221 /* AppDelegate.swift in Sources */ = {isa = PBXBuildFile; fileRef = 52A0A96F285CE2EE00C1D221 /* AppDelegate.swift */; };
		52A0A972285CE2EE00C1D221 /* SceneDelegate.swift in Sources */ = {isa = PBXBuildFile; fileRef = 52A0A971285CE2EE00C1D221 /* SceneDelegate.swift */; };
		52A0A974285CE2EE00C1D221 /* ViewController.swift in Sources */ = {isa = PBXBuildFile; fileRef = 52A0A973285CE2EE00C1D221 /* ViewController.swift */; };
		52A0A977285CE2EE00C1D221 /* Main.storyboard in Resources */ = {isa = PBXBuildFile; fileRef = 52A0A975285CE2EE00C1D221 /* Main.storyboard */; };
		52A0A979285CE2EF00C1D221 /* Assets.xcassets in Resources */ = {isa = PBXBuildFile; fileRef = 52A0A978285CE2EF00C1D221 /* Assets.xcassets */; };
		52A0A97C285CE2EF00C1D221 /* LaunchScreen.storyboard in Resources */ = {isa = PBXBuildFile; fileRef = 52A0A97A285CE2EF00C1D221 /* LaunchScreen.storyboard */; };
		52A0A987285CE2EF00C1D221 /* FirstDemoTests.swift in Sources */ = {isa = PBXBuildFile; fileRef = 52A0A986285CE2EF00C1D221 /* FirstDemoTests.swift */; };
		52A0A991285CE2EF00C1D221 /* FirstDemoUITests.swift in Sources */ = {isa = PBXBuildFile; fileRef = 52A0A990285CE2EF00C1D221 /* FirstDemoUITests.swift */; };
		52A0A993285CE2EF00C1D221 /* FirstDemoUITestsLaunchTests.swift in Sources */ = {isa = PBXBuildFile; fileRef = 52A0A992285CE2EF00C1D221 /* FirstDemoUITestsLaunchTests.swift */; };
/* End PBXBuildFile section */

/* Begin PBXContainerItemProxy section */
		52A0A983285CE2EF00C1D221 /* PBXContainerItemProxy */ = {
			isa = PBXContainerItemProxy;
			containerPortal = 52A0A964285CE2ED00C1D221 /* Project object */;
			proxyType = 1;
			remoteGlobalIDString = 52A0A96B285CE2ED00C1D221;
			remoteInfo = FirstDemo;
		};
		52A0A98D285CE2EF00C1D221 /* PBXContainerItemProxy */ = {
			isa = PBXContainerItemProxy;
			containerPortal = 52A0A964285CE2ED00C1D221 /* Project object */;
			proxyType = 1;
			remoteGlobalIDString = 52A0A96B285CE2ED00C1D221;
			remoteInfo = FirstDemo;
		};
/* End PBXContainerItemProxy section */

/* Begin PBXFileReference section */
		52A0A96C285CE2ED00C1D221 /* FirstDemo.app */ = {isa = PBXFileReference; explicitFileType = wrapper.application; includeInIndex = 0; path = FirstDemo.app; sourceTree = BUILT_PRODUCTS_DIR; };
		52A0A96F285CE2EE00C1D221 /* AppDelegate.swift */ = {isa = PBXFileReference; lastKnownFileType = sourcecode.swift; path = AppDelegate.swift; sourceTree = "<group>"; };
		52A0A971285CE2EE00C1D221 /* SceneDelegate.swift */ = {isa = PBXFileReference; lastKnownFileType = sourcecode.swift; path = SceneDelegate.swift; sourceTree = "<group>"; };
		52A0A973285CE2EE00C1D221 /* ViewController.swift */ = {isa = PBXFileReference; lastKnownFileType = sourcecode.swift; path = ViewController.swift; sourceTree = "<group>"; };
		52A0A976285CE2EE00C1D221 /* Base */ = {isa = PBXFileReference; lastKnownFileType = file.storyboard; name = Base; path = Base.lproj/Main.storyboard; sourceTree = "<group>"; };
		52A0A978285CE2EF00C1D221 /* Assets.xcassets */ = {isa = PBXFileReference; lastKnownFileType = folder.assetcatalog; path = Assets.xcassets; sourceTree = "<group>"; };
		52A0A97B285CE2EF00C1D221 /* Base */ = {isa = PBXFileReference; lastKnownFileType = file.storyboard; name = Base; path = Base.lproj/LaunchScreen.storyboard; sourceTree = "<group>"; };
		52A0A97D285CE2EF00C1D221 /* Info.plist */ = {isa = PBXFileReference; lastKnownFileType = text.plist.xml; path = Info.plist; sourceTree = "<group>"; };
		52A0A982285CE2EF00C1D221 /* FirstDemoTests.xctest */ = {isa = PBXFileReference; explicitFileType = wrapper.cfbundle; includeInIndex = 0; path = FirstDemoTests.xctest; sourceTree = BUILT_PRODUCTS_DIR; };
		52A0A986285CE2EF00C1D221 /* FirstDemoTests.swift */ = {isa = PBXFileReference; lastKnownFileType = sourcecode.swift; path = FirstDemoTests.swift; sourceTree = "<group>"; };
		52A0A98C285CE2EF00C1D221 /* FirstDemoUITests.xctest */ = {isa = PBXFileReference; explicitFileType = wrapper.cfbundle; includeInIndex = 0; path = FirstDemoUITests.xctest; sourceTree = BUILT_PRODUCTS_DIR; };
		52A0A990285CE2EF00C1D221 /* FirstDemoUITests.swift */ = {isa = PBXFileReference; lastKnownFileType = sourcecode.swift; path = FirstDemoUITests.swift; sourceTree = "<group>"; };
		52A0A992285CE2EF00C1D221 /* FirstDemoUITestsLaunchTests.swift */ = {isa = PBXFileReference; lastKnownFileType = sourcecode.swift; path = FirstDemoUITestsLaunchTests.swift; sourceTree = "<group>"; };
/* End PBXFileReference section */

/* Begin PBXFrameworksBuildPhase section */
		52A0A969285CE2ED00C1D221 /* Frameworks */ = {
			isa = PBXFrameworksBuildPhase;
			buildActionMask = 2147483647;
			files = (
			);
			runOnlyForDeploymentPostprocessing = 0;
		};
		52A0A97F285CE2EF00C1D221 /* Frameworks */ = {
			isa = PBXFrameworksBuildPhase;
			buildActionMask = 2147483647;
			files = (
			);
			runOnlyForDeploymentPostprocessing = 0;
		};
		52A0A989285CE2EF00C1D221 /* Frameworks */ = {
			isa = PBXFrameworksBuildPhase;
			buildActionMask = 2147483647;
			files = (
			);
			runOnlyForDeploymentPostprocessing = 0;
		};
/* End PBXFrameworksBuildPhase section */

/* Begin PBXGroup section */
		52A0A963285CE2ED00C1D221 = {
			isa = PBXGroup;
			children = (
				52A0A96E285CE2ED00C1D221 /* FirstDemo */,
				52A0A985285CE2EF00C1D221 /* FirstDemoTests */,
				52A0A98F285CE2EF00C1D221 /* FirstDemoUITests */,
				52A0A96D285CE2ED00C1D221 /* Products */,
			);
			sourceTree = "<group>";
		};
		52A0A96D285CE2ED00C1D221 /* Products */ = {
			isa = PBXGroup;
			children = (
				52A0A96C285CE2ED00C1D221 /* FirstDemo.app */,
				52A0A982285CE2EF00C1D221 /* FirstDemoTests.xctest */,
				52A0A98C285CE2EF00C1D221 /* FirstDemoUITests.xctest */,
			);
			name = Products;
			sourceTree = "<group>";
		};
		52A0A96E285CE2ED00C1D221 /* FirstDemo */ = {
			isa = PBXGroup;
			children = (
				52A0A96F285CE2EE00C1D221 /* AppDelegate.swift */,
				52A0A971285CE2EE00C1D221 /* SceneDelegate.swift */,
				52A0A973285CE2EE00C1D221 /* ViewController.swift */,
				52A0A975285CE2EE00C1D221 /* Main.storyboard */,
				52A0A978285CE2EF00C1D221 /* Assets.xcassets */,
				52A0A97A285CE2EF00C1D221 /* LaunchScreen.storyboard */,
				52A0A97D285CE2EF00C1D221 /* Info.plist */,
			);
			path = FirstDemo;
			sourceTree = "<group>";
		};
		52A0A985285CE2EF00C1D221 /* FirstDemoTests */ = {
			isa = PBXGroup;
			children = (
				52A0A986285CE2EF00C1D221 /* FirstDemoTests.swift */,
			);
			path = FirstDemoTests;
			sourceTree = "<group>";
		};
		52A0A98F285CE2EF00C1D221 /* FirstDemoUITests */ = {
			isa = PBXGroup;
			children = (
				52A0A990285CE2EF00C1D221 /* FirstDemoUITests.swift */,
				52A0A992285CE2EF00C1D221 /* FirstDemoUITestsLaunchTests.swift */,
			);
			path = FirstDemoUITests;
			sourceTree = "<group>";
		};
/* End PBXGroup section */

/* Begin PBXNativeTarget section */
		52A0A96B285CE2ED00C1D221 /* FirstDemo */ = {
			isa = PBXNativeTarget;
			buildConfigurationList = 52A0A996285CE2EF00C1D221 /* Build configuration list for PBXNativeTarget "FirstDemo" */;
			buildPhases = (
				52A0A968285CE2ED00C1D221 /* Sources */,
				52A0A969285CE2ED00C1D221 /* Frameworks */,
				52A0A96A285CE2ED00C1D221 /* Resources */,
			);
			buildRules = (
			);
			dependencies = (
			);
			name = FirstDemo;
			productName = FirstDemo;
			productReference = 52A0A96C285CE2ED00C1D221 /* FirstDemo.app */;
			productType = "com.apple.product-type.application";
		};
		52A0A981285CE2EF00C1D221 /* FirstDemoTests */ = {
			isa = PBXNativeTarget;
			buildConfigurationList = 52A0A999285CE2EF00C1D221 /* Build configuration list for PBXNativeTarget "FirstDemoTests" */;
			buildPhases = (
				52A0A97E285CE2EF00C1D221 /* Sources */,
				52A0A97F285CE2EF00C1D221 /* Frameworks */,
				52A0A980285CE2EF00C1D221 /* Resources */,
			);
			buildRules = (
			);
			dependencies = (
				52A0A984285CE2EF00C1D221 /* PBXTargetDependency */,
			);
			name = FirstDemoTests;
			productName = FirstDemoTests;
			productReference = 52A0A982285CE2EF00C1D221 /* FirstDemoTests.xctest */;
			productType = "com.apple.product-type.bundle.unit-test";
		};
		52A0A98B285CE2EF00C1D221 /* FirstDemoUITests */ = {
			isa = PBXNativeTarget;
			buildConfigurationList = 52A0A99C285CE2EF00C1D221 /* Build configuration list for PBXNativeTarget "FirstDemoUITests" */;
			buildPhases = (
				52A0A988285CE2EF00C1D221 /* Sources */,
				52A0A989285CE2EF00C1D221 /* Frameworks */,
				52A0A98A285CE2EF00C1D221 /* Resources */,
			);
			buildRules = (
			);
			dependencies = (
				52A0A98E285CE2EF00C1D221 /* PBXTargetDependency */,
			);
			name = FirstDemoUITests;
			productName = FirstDemoUITests;
			productReference = 52A0A98C285CE2EF00C1D221 /* FirstDemoUITests.xctest */;
			productType = "com.apple.product-type.bundle.ui-testing";
		};
/* End PBXNativeTarget section */

/* Begin PBXProject section */
		52A0A964285CE2ED00C1D221 /* Project object */ = {
			isa = PBXProject;
			attributes = {
				BuildIndependentTargetsInParallel = 1;
				LastSwiftUpdateCheck = 1400;
				LastUpgradeCheck = 1400;
				TargetAttributes = {
					52A0A96B285CE2ED00C1D221 = {
						CreatedOnToolsVersion = 14.0;
					};
					52A0A981285CE2EF00C1D221 = {
						CreatedOnToolsVersion = 14.0;
						TestTargetID = 52A0A96B285CE2ED00C1D221;
					};
					52A0A98B285CE2EF00C1D221 = {
						CreatedOnToolsVersion = 14.0;
						TestTargetID = 52A0A96B285CE2ED00C1D221;
					};
				};
			};
			buildConfigurationList = 52A0A967285CE2ED00C1D221 /* Build configuration list for PBXProject "FirstDemo" */;
			compatibilityVersion = "Xcode 14.0";
			developmentRegion = en;
			hasScannedForEncodings = 0;
			knownRegions = (
				en,
				Base,
			);
			mainGroup = 52A0A963285CE2ED00C1D221;
			productRefGroup = 52A0A96D285CE2ED00C1D221 /* Products */;
			projectDirPath = "";
			projectRoot = "";
			targets = (
				52A0A96B285CE2ED00C1D221 /* FirstDemo */,
				52A0A981285CE2EF00C1D221 /* FirstDemoTests */,
				52A0A98B285CE2EF00C1D221 /* FirstDemoUITests */,
			);
		};
/* End PBXProject section */

/* Begin PBXResourcesBuildPhase section */
		52A0A96A285CE2ED00C1D221 /* Resources */ = {
			isa = PBXResourcesBuildPhase;
			buildActionMask = 2147483647;
			files = (
				52A0A97C285CE2EF00C1D221 /* LaunchScreen.storyboard in Resources */,
				52A0A979285CE2EF00C1D221 /* Assets.xcassets in Resources */,
				52A0A977285CE2EE00C1D221 /* Main.storyboard in Resources */,
			);
			runOnlyForDeploymentPostprocessing = 0;
		};
		52A0A980285CE2EF00C1D221 /* Resources */ = {
			isa = PBXResourcesBuildPhase;
			buildActionMask = 2147483647;
			files = (
			);
			runOnlyForDeploymentPostprocessing = 0;
		};
		52A0A98A285CE2EF00C1D221 /* Resources */ = {
			isa = PBXResourcesBuildPhase;
			buildActionMask = 2147483647;
			files = (
			);
			runOnlyForDeploymentPostprocessing = 0;
		};
/* End PBXResourcesBuildPhase section */

/* Begin PBXSourcesBuildPhase section */
		52A0A968285CE2ED00C1D221 /* Sources */ = {
			isa = PBXSourcesBuildPhase;
			buildActionMask = 2147483647;
			files = (
				52A0A974285CE2EE00C1D221 /* ViewController.swift in Sources */,
				52A0A970285CE2EE00C1D221 /* AppDelegate.swift in Sources */,
				52A0A972285CE2EE00C1D221 /* SceneDelegate.swift in Sources */,
			);
			runOnlyForDeploymentPostprocessing = 0;
		};
		52A0A97E285CE2EF00C1D221 /* Sources */ = {
			isa = PBXSourcesBuildPhase;
			buildActionMask = 2147483647;
			files = (
				52A0A987285CE2EF00C1D221 /* FirstDemoTests.swift in Sources */,
			);
			runOnlyForDeploymentPostprocessing = 0;
		};
		52A0A988285CE2EF00C1D221 /* Sources */ = {
			isa = PBXSourcesBuildPhase;
			buildActionMask = 2147483647;
			files = (
				52A0A993285CE2EF00C1D221 /* FirstDemoUITestsLaunchTests.swift in Sources */,
				52A0A991285CE2EF00C1D221 /* FirstDemoUITests.swift in Sources */,
			);
			runOnlyForDeploymentPostprocessing = 0;
		};
/* End PBXSourcesBuildPhase section */

/* Begin PBXTargetDependency section */
		52A0A984285CE2EF00C1D221 /* PBXTargetDependency */ = {
			isa = PBXTargetDependency;
			target = 52A0A96B285CE2ED00C1D221 /* FirstDemo */;
			targetProxy = 52A0A983285CE2EF00C1D221 /* PBXContainerItemProxy */;
		};
		52A0A98E285CE2EF00C1D221 /* PBXTargetDependency */ = {
			isa = PBXTargetDependency;
			target = 52A0A96B285CE2ED00C1D221 /* FirstDemo */;
			targetProxy = 52A0A98D285CE2EF00C1D221 /* PBXContainerItemProxy */;
		};
/* End PBXTargetDependency section */

/* Begin PBXVariantGroup section */
		52A0A975285CE2EE00C1D221 /* Main.storyboard */ = {
			isa = PBXVariantGroup;
			children = (
				52A0A976285CE2EE00C1D221 /* Base */,
			);
			name = Main.storyboard;
			sourceTree = "<group>";
		};
		52A0A97A285CE2EF00C1D221 /* LaunchScreen.storyboard */ = {
			isa = PBXVariantGroup;
			children = (
				52A0A97B285CE2EF00C1D221 /* Base */,
			);
			name = LaunchScreen.storyboard;
			sourceTree = "<group>";
		};
/* End PBXVariantGroup section */

/* Begin XCBuildConfiguration section */
		52A0A994285CE2EF00C1D221 /* Debug */ = {
			isa = XCBuildConfiguration;
			buildSettings = {
				ALWAYS_SEARCH_USER_PATHS = NO;
				CLANG_ANALYZER_NONNULL = YES;
				CLANG_ANALYZER_NUMBER_OBJECT_CONVERSION = YES_AGGRESSIVE;
				CLANG_CXX_LANGUAGE_STANDARD = "gnu++17";
				CLANG_ENABLE_MODULES = YES;
				CLANG_ENABLE_OBJC_ARC = YES;
				CLANG_ENABLE_OBJC_WEAK = YES;
				CLANG_WARN_BLOCK_CAPTURE_AUTORELEASING = YES;
				CLANG_WARN_BOOL_CONVERSION = YES;
				CLANG_WARN_COMMA = YES;
				CLANG_WARN_CONSTANT_CONVERSION = YES;
				CLANG_WARN_DEPRECATED_OBJC_IMPLEMENTATIONS = YES;
				CLANG_WARN_DIRECT_OBJC_ISA_USAGE = YES_ERROR;
				CLANG_WARN_DOCUMENTATION_COMMENTS = YES;
				CLANG_WARN_EMPTY_BODY = YES;
				CLANG_WARN_ENUM_CONVERSION = YES;
				CLANG_WARN_INFINITE_RECURSION = YES;
				CLANG_WARN_INT_CONVERSION = YES;
				CLANG_WARN_NON_LITERAL_NULL_CONVERSION = YES;
				CLANG_WARN_OBJC_IMPLICIT_RETAIN_SELF = YES;
				CLANG_WARN_OBJC_LITERAL_CONVERSION = YES;
				CLANG_WARN_OBJC_ROOT_CLASS = YES_ERROR;
				CLANG_WARN_QUOTED_INCLUDE_IN_FRAMEWORK_HEADER = YES;
				CLANG_WARN_RANGE_LOOP_ANALYSIS = YES;
				CLANG_WARN_STRICT_PROTOTYPES = YES;
				CLANG_WARN_SUSPICIOUS_MOVE = YES;
				CLANG_WARN_UNGUARDED_AVAILABILITY = YES_AGGRESSIVE;
				CLANG_WARN_UNREACHABLE_CODE = YES;
				CLANG_WARN__DUPLICATE_METHOD_MATCH = YES;
				COPY_PHASE_STRIP = NO;
				DEBUG_INFORMATION_FORMAT = dwarf;
				ENABLE_STRICT_OBJC_MSGSEND = YES;
				ENABLE_TESTABILITY = YES;
				GCC_C_LANGUAGE_STANDARD = gnu11;
				GCC_DYNAMIC_NO_PIC = NO;
				GCC_NO_COMMON_BLOCKS = YES;
				GCC_OPTIMIZATION_LEVEL = 0;
				GCC_PREPROCESSOR_DEFINITIONS = (
					"DEBUG=1",
					"$(inherited)",
				);
				GCC_WARN_64_TO_32_BIT_CONVERSION = YES;
				GCC_WARN_ABOUT_RETURN_TYPE = YES_ERROR;
				GCC_WARN_UNDECLARED_SELECTOR = YES;
				GCC_WARN_UNINITIALIZED_AUTOS = YES_AGGRESSIVE;
				GCC_WARN_UNUSED_FUNCTION = YES;
				GCC_WARN_UNUSED_VARIABLE = YES;
				IPHONEOS_DEPLOYMENT_TARGET = 16.0;
				MTL_ENABLE_DEBUG_INFO = INCLUDE_SOURCE;
				MTL_FAST_MATH = YES;
				ONLY_ACTIVE_ARCH = YES;
				SDKROOT = iphoneos;
				SWIFT_ACTIVE_COMPILATION_CONDITIONS = DEBUG;
				SWIFT_OPTIMIZATION_LEVEL = "-Onone";
			};
			name = Debug;
		};
		52A0A995285CE2EF00C1D221 /* Release */ = {
			isa = XCBuildConfiguration;
			buildSettings = {
				ALWAYS_SEARCH_USER_PATHS = NO;
				CLANG_ANALYZER_NONNULL = YES;
				CLANG_ANALYZER_NUMBER_OBJECT_CONVERSION = YES_AGGRESSIVE;
				CLANG_CXX_LANGUAGE_STANDARD = "gnu++17";
				CLANG_ENABLE_MODULES = YES;
				CLANG_ENABLE_OBJC_ARC = YES;
				CLANG_ENABLE_OBJC_WEAK = YES;
				CLANG_WARN_BLOCK_CAPTURE_AUTORELEASING = YES;
				CLANG_WARN_BOOL_CONVERSION = YES;
				CLANG_WARN_COMMA = YES;
				CLANG_WARN_CONSTANT_CONVERSION = YES;
				CLANG_WARN_DEPRECATED_OBJC_IMPLEMENTATIONS = YES;
				CLANG_WARN_DIRECT_OBJC_ISA_USAGE = YES_ERROR;
				CLANG_WARN_DOCUMENTATION_COMMENTS = YES;
				CLANG_WARN_EMPTY_BODY = YES;
				CLANG_WARN_ENUM_CONVERSION = YES;
				CLANG_WARN_INFINITE_RECURSION = YES;
				CLANG_WARN_INT_CONVERSION = YES;
				CLANG_WARN_NON_LITERAL_NULL_CONVERSION = YES;
				CLANG_WARN_OBJC_IMPLICIT_RETAIN_SELF = YES;
				CLANG_WARN_OBJC_LITERAL_CONVERSION = YES;
				CLANG_WARN_OBJC_ROOT_CLASS = YES_ERROR;
				CLANG_WARN_QUOTED_INCLUDE_IN_FRAMEWORK_HEADER = YES;
				CLANG_WARN_RANGE_LOOP_ANALYSIS = YES;
				CLANG_WARN_STRICT_PROTOTYPES = YES;
				CLANG_WARN_SUSPICIOUS_MOVE = YES;
				CLANG_WARN_UNGUARDED_AVAILABILITY = YES_AGGRESSIVE;
				CLANG_WARN_UNREACHABLE_CODE = YES;
				CLANG_WARN__DUPLICATE_METHOD_MATCH = YES;
				COPY_PHASE_STRIP = NO;
				DEBUG_INFORMATION_FORMAT = "dwarf-with-dsym";
				ENABLE_NS_ASSERTIONS = NO;
				ENABLE_STRICT_OBJC_MSGSEND = YES;
				GCC_C_LANGUAGE_STANDARD = gnu11;
				GCC_NO_COMMON_BLOCKS = YES;
				GCC_WARN_64_TO_32_BIT_CONVERSION = YES;
				GCC_WARN_ABOUT_RETURN_TYPE = YES_ERROR;
				GCC_WARN_UNDECLARED_SELECTOR = YES;
				GCC_WARN_UNINITIALIZED_AUTOS = YES_AGGRESSIVE;
				GCC_WARN_UNUSED_FUNCTION = YES;
				GCC_WARN_UNUSED_VARIABLE = YES;
				IPHONEOS_DEPLOYMENT_TARGET = 16.0;
				MTL_ENABLE_DEBUG_INFO = NO;
				MTL_FAST_MATH = YES;
				SDKROOT = iphoneos;
				SWIFT_COMPILATION_MODE = wholemodule;
				SWIFT_OPTIMIZATION_LEVEL = "-O";
				VALIDATE_PRODUCT = YES;
			};
			name = Release;
		};
		52A0A997285CE2EF00C1D221 /* Debug */ = {
			isa = XCBuildConfiguration;
			buildSettings = {
				ASSETCATALOG_COMPILER_APPICON_NAME = AppIcon;
				ASSETCATALOG_COMPILER_GLOBAL_ACCENT_COLOR_NAME = AccentColor;
				CODE_SIGN_STYLE = Automatic;
				CURRENT_PROJECT_VERSION = 1;
				DEVELOPMENT_TEAM = 3PTYV272Z4;
				GENERATE_INFOPLIST_FILE = YES;
				INFOPLIST_FILE = FirstDemo/Info.plist;
				INFOPLIST_KEY_UIApplicationSupportsIndirectInputEvents = YES;
				INFOPLIST_KEY_UILaunchStoryboardName = LaunchScreen;
				INFOPLIST_KEY_UIMainStoryboardFile = Main;
				INFOPLIST_KEY_UISupportedInterfaceOrientations_iPad = "UIInterfaceOrientationPortrait UIInterfaceOrientationPortraitUpsideDown UIInterfaceOrientationLandscapeLeft UIInterfaceOrientationLandscapeRight";
				INFOPLIST_KEY_UISupportedInterfaceOrientations_iPhone = "UIInterfaceOrientationPortrait UIInterfaceOrientationLandscapeLeft UIInterfaceOrientationLandscapeRight";
				LD_RUNPATH_SEARCH_PATHS = (
					"$(inherited)",
					"@executable_path/Frameworks",
				);
				MARKETING_VERSION = 1.0;
				PRODUCT_BUNDLE_IDENTIFIER = pro.richpeach.ssh.FirstDemo;
				PRODUCT_NAME = "$(TARGET_NAME)";
				SWIFT_EMIT_LOC_STRINGS = YES;
				SWIFT_VERSION = 5.0;
				TARGETED_DEVICE_FAMILY = "1,2";
			};
			name = Debug;
		};
		52A0A998285CE2EF00C1D221 /* Release */ = {
			isa = XCBuildConfiguration;
			buildSettings = {
				ASSETCATALOG_COMPILER_APPICON_NAME = AppIcon;
				ASSETCATALOG_COMPILER_GLOBAL_ACCENT_COLOR_NAME = AccentColor;
				CODE_SIGN_STYLE = Automatic;
				CURRENT_PROJECT_VERSION = 1;
				DEVELOPMENT_TEAM = 3PTYV272Z4;
				GENERATE_INFOPLIST_FILE = YES;
				INFOPLIST_FILE = FirstDemo/Info.plist;
				INFOPLIST_KEY_UIApplicationSupportsIndirectInputEvents = YES;
				INFOPLIST_KEY_UILaunchStoryboardName = LaunchScreen;
				INFOPLIST_KEY_UIMainStoryboardFile = Main;
				INFOPLIST_KEY_UISupportedInterfaceOrientations_iPad = "UIInterfaceOrientationPortrait UIInterfaceOrientationPortraitUpsideDown UIInterfaceOrientationLandscapeLeft UIInterfaceOrientationLandscapeRight";
				INFOPLIST_KEY_UISupportedInterfaceOrientations_iPhone = "UIInterfaceOrientationPortrait UIInterfaceOrientationLandscapeLeft UIInterfaceOrientationLandscapeRight";
				LD_RUNPATH_SEARCH_PATHS = (
					"$(inherited)",
					"@executable_path/Frameworks",
				);
				MARKETING_VERSION = 1.0;
				PRODUCT_BUNDLE_IDENTIFIER = pro.richpeach.ssh.FirstDemo;
				PRODUCT_NAME = "$(TARGET_NAME)";
				SWIFT_EMIT_LOC_STRINGS = YES;
				SWIFT_VERSION = 5.0;
				TARGETED_DEVICE_FAMILY = "1,2";
			};
			name = Release;
		};
		52A0A99A285CE2EF00C1D221 /* Debug */ = {
			isa = XCBuildConfiguration;
			buildSettings = {
				ALWAYS_EMBED_SWIFT_STANDARD_LIBRARIES = YES;
				BUNDLE_LOADER = "$(TEST_HOST)";
				CODE_SIGN_STYLE = Automatic;
				CURRENT_PROJECT_VERSION = 1;
				DEVELOPMENT_TEAM = 3PTYV272Z4;
				GENERATE_INFOPLIST_FILE = YES;
				IPHONEOS_DEPLOYMENT_TARGET = 16.0;
				MARKETING_VERSION = 1.0;
				PRODUCT_BUNDLE_IDENTIFIER = pro.richpeach.ssh.FirstDemoTests;
				PRODUCT_NAME = "$(TARGET_NAME)";
				SWIFT_EMIT_LOC_STRINGS = NO;
				SWIFT_VERSION = 5.0;
				TARGETED_DEVICE_FAMILY = "1,2";
				TEST_HOST = "$(BUILT_PRODUCTS_DIR)/FirstDemo.app/$(BUNDLE_EXECUTABLE_FOLDER_PATH)/FirstDemo";
			};
			name = Debug;
		};
		52A0A99B285CE2EF00C1D221 /* Release */ = {
			isa = XCBuildConfiguration;
			buildSettings = {
				ALWAYS_EMBED_SWIFT_STANDARD_LIBRARIES = YES;
				BUNDLE_LOADER = "$(TEST_HOST)";
				CODE_SIGN_STYLE = Automatic;
				CURRENT_PROJECT_VERSION = 1;
				DEVELOPMENT_TEAM = 3PTYV272Z4;
				GENERATE_INFOPLIST_FILE = YES;
				IPHONEOS_DEPLOYMENT_TARGET = 16.0;
				MARKETING_VERSION = 1.0;
				PRODUCT_BUNDLE_IDENTIFIER = pro.richpeach.ssh.FirstDemoTests;
				PRODUCT_NAME = "$(TARGET_NAME)";
				SWIFT_EMIT_LOC_STRINGS = NO;
				SWIFT_VERSION = 5.0;
				TARGETED_DEVICE_FAMILY = "1,2";
				TEST_HOST = "$(BUILT_PRODUCTS_DIR)/FirstDemo.app/$(BUNDLE_EXECUTABLE_FOLDER_PATH)/FirstDemo";
			};
			name = Release;
		};
		52A0A99D285CE2EF00C1D221 /* Debug */ = {
			isa = XCBuildConfiguration;
			buildSettings = {
				ALWAYS_EMBED_SWIFT_STANDARD_LIBRARIES = YES;
				CODE_SIGN_STYLE = Automatic;
				CURRENT_PROJECT_VERSION = 1;
				DEVELOPMENT_TEAM = 3PTYV272Z4;
				GENERATE_INFOPLIST_FILE = YES;
				MARKETING_VERSION = 1.0;
				PRODUCT_BUNDLE_IDENTIFIER = pro.richpeach.ssh.FirstDemoUITests;
				PRODUCT_NAME = "$(TARGET_NAME)";
				SWIFT_EMIT_LOC_STRINGS = NO;
				SWIFT_VERSION = 5.0;
				TARGETED_DEVICE_FAMILY = "1,2";
				TEST_TARGET_NAME = FirstDemo;
			};
			name = Debug;
		};
		52A0A99E285CE2EF00C1D221 /* Release */ = {
			isa = XCBuildConfiguration;
			buildSettings = {
				ALWAYS_EMBED_SWIFT_STANDARD_LIBRARIES = YES;
				CODE_SIGN_STYLE = Automatic;
				CURRENT_PROJECT_VERSION = 1;
				DEVELOPMENT_TEAM = 3PTYV272Z4;
				GENERATE_INFOPLIST_FILE = YES;
				MARKETING_VERSION = 1.0;
				PRODUCT_BUNDLE_IDENTIFIER = pro.richpeach.ssh.FirstDemoUITests;
				PRODUCT_NAME = "$(TARGET_NAME)";
				SWIFT_EMIT_LOC_STRINGS = NO;
				SWIFT_VERSION = 5.0;
				TARGETED_DEVICE_FAMILY = "1,2";
				TEST_TARGET_NAME = FirstDemo;
			};
			name = Release;
		};
/* End XCBuildConfiguration section */

/* Begin XCConfigurationList section */
		52A0A967285CE2ED00C1D221 /* Build configuration list for PBXProject "FirstDemo" */ = {
			isa = XCConfigurationList;
			buildConfigurations = (
				52A0A994285CE2EF00C1D221 /* Debug */,
				52A0A995285CE2EF00C1D221 /* Release */,
			);
			defaultConfigurationIsVisible = 0;
			defaultConfigurationName = Release;
		};
		52A0A996285CE2EF00C1D221 /* Build configuration list for PBXNativeTarget "FirstDemo" */ = {
			isa = XCConfigurationList;
			buildConfigurations = (
				52A0A997285CE2EF00C1D221 /* Debug */,
				52A0A998285CE2EF00C1D221 /* Release */,
			);
			defaultConfigurationIsVisible = 0;
			defaultConfigurationName = Release;
		};
		52A0A999285CE2EF00C1D221 /* Build configuration list for PBXNativeTarget "FirstDemoTests" */ = {
			isa = XCConfigurationList;
			buildConfigurations = (
				52A0A99A285CE2EF00C1D221 /* Debug */,
				52A0A99B285CE2EF00C1D221 /* Release */,
			);
			defaultConfigurationIsVisible = 0;
			defaultConfigurationName = Release;
		};
		52A0A99C285CE2EF00C1D221 /* Build configuration list for PBXNativeTarget "FirstDemoUITests" */ = {
			isa = XCConfigurationList;
			buildConfigurations = (
				52A0A99D285CE2EF00C1D221 /* Debug */,
				52A0A99E285CE2EF00C1D221 /* Release */,
			);
			defaultConfigurationIsVisible = 0;
			defaultConfigurationName = Release;
		};
/* End XCConfigurationList section */
	};
	rootObject = 52A0A964285CE2ED00C1D221 /* Project object */;
}
